// !$*UTF8*$!
{
	archiveVersion = 1;
	classes = {
	};
	objectVersion = 50;
	objects = {

/* Begin PBXBuildFile section */
		FA48B41024830F02008FC927 /* AppDelegate.swift in Sources */ = {isa = PBXBuildFile; fileRef = FA48B40F24830F02008FC927 /* AppDelegate.swift */; };
		FA48B41224830F02008FC927 /* SceneDelegate.swift in Sources */ = {isa = PBXBuildFile; fileRef = FA48B41124830F02008FC927 /* SceneDelegate.swift */; };
		FA48B41424830F02008FC927 /* ViewController.swift in Sources */ = {isa = PBXBuildFile; fileRef = FA48B41324830F02008FC927 /* ViewController.swift */; };
		FA48B41724830F02008FC927 /* Main.storyboard in Resources */ = {isa = PBXBuildFile; fileRef = FA48B41524830F02008FC927 /* Main.storyboard */; };
		FA48B41924830F08008FC927 /* Assets.xcassets in Resources */ = {isa = PBXBuildFile; fileRef = FA48B41824830F08008FC927 /* Assets.xcassets */; };
		FA48B41C24830F08008FC927 /* LaunchScreen.storyboard in Resources */ = {isa = PBXBuildFile; fileRef = FA48B41A24830F08008FC927 /* LaunchScreen.storyboard */; };
		FA48B428248311B0008FC927 /* UserData.swift in Sources */ = {isa = PBXBuildFile; fileRef = FA48B427248311B0008FC927 /* UserData.swift */; };
		FA48B42A2483218D008FC927 /* InformationScreenViewController.swift in Sources */ = {isa = PBXBuildFile; fileRef = FA48B4292483218C008FC927 /* InformationScreenViewController.swift */; };
		FA48B42C24850C2B008FC927 /* HistoryOfMyLifeViewController.swift in Sources */ = {isa = PBXBuildFile; fileRef = FA48B42B24850C2B008FC927 /* HistoryOfMyLifeViewController.swift */; };
/* End PBXBuildFile section */

/* Begin PBXFileReference section */
		FA48B40C24830F02008FC927 /* ResumeApplication.app */ = {isa = PBXFileReference; explicitFileType = wrapper.application; includeInIndex = 0; path = ResumeApplication.app; sourceTree = BUILT_PRODUCTS_DIR; };
		FA48B40F24830F02008FC927 /* AppDelegate.swift */ = {isa = PBXFileReference; lastKnownFileType = sourcecode.swift; path = AppDelegate.swift; sourceTree = "<group>"; };
		FA48B41124830F02008FC927 /* SceneDelegate.swift */ = {isa = PBXFileReference; lastKnownFileType = sourcecode.swift; path = SceneDelegate.swift; sourceTree = "<group>"; };
		FA48B41324830F02008FC927 /* ViewController.swift */ = {isa = PBXFileReference; lastKnownFileType = sourcecode.swift; path = ViewController.swift; sourceTree = "<group>"; };
		FA48B41624830F02008FC927 /* Base */ = {isa = PBXFileReference; lastKnownFileType = file.storyboard; name = Base; path = Base.lproj/Main.storyboard; sourceTree = "<group>"; };
		FA48B41824830F08008FC927 /* Assets.xcassets */ = {isa = PBXFileReference; lastKnownFileType = folder.assetcatalog; path = Assets.xcassets; sourceTree = "<group>"; };
		FA48B41B24830F08008FC927 /* Base */ = {isa = PBXFileReference; lastKnownFileType = file.storyboard; name = Base; path = Base.lproj/LaunchScreen.storyboard; sourceTree = "<group>"; };
		FA48B41D24830F08008FC927 /* Info.plist */ = {isa = PBXFileReference; lastKnownFileType = text.plist.xml; path = Info.plist; sourceTree = "<group>"; };
		FA48B427248311B0008FC927 /* UserData.swift */ = {isa = PBXFileReference; lastKnownFileType = sourcecode.swift; path = UserData.swift; sourceTree = "<group>"; };
		FA48B4292483218C008FC927 /* InformationScreenViewController.swift */ = {isa = PBXFileReference; lastKnownFileType = sourcecode.swift; path = InformationScreenViewController.swift; sourceTree = "<group>"; };
		FA48B42B24850C2B008FC927 /* HistoryOfMyLifeViewController.swift */ = {isa = PBXFileReference; lastKnownFileType = sourcecode.swift; path = HistoryOfMyLifeViewController.swift; sourceTree = "<group>"; };
/* End PBXFileReference section */

/* Begin PBXFrameworksBuildPhase section */
		FA48B40924830F02008FC927 /* Frameworks */ = {
			isa = PBXFrameworksBuildPhase;
			buildActionMask = 2147483647;
			files = (
			);
			runOnlyForDeploymentPostprocessing = 0;
		};
/* End PBXFrameworksBuildPhase section */

/* Begin PBXGroup section */
		FA48B40324830F02008FC927 = {
			isa = PBXGroup;
			children = (
				FA48B40E24830F02008FC927 /* ResumeApplication */,
				FA48B40D24830F02008FC927 /* Products */,
			);
			sourceTree = "<group>";
		};
		FA48B40D24830F02008FC927 /* Products */ = {
			isa = PBXGroup;
			children = (
				FA48B40C24830F02008FC927 /* ResumeApplication.app */,
			);
			name = Products;
			sourceTree = "<group>";
		};
		FA48B40E24830F02008FC927 /* ResumeApplication */ = {
			isa = PBXGroup;
			children = (
				FA48B42324830F67008FC927 /* ViewControllers */,
				FA48B42624831031008FC927 /* Models */,
				FA48B42424830F8F008FC927 /* Storyboards */,
				FA48B42524830FBC008FC927 /* SupportingFiles */,
			);
			path = ResumeApplication;
			sourceTree = "<group>";
		};
		FA48B42324830F67008FC927 /* ViewControllers */ = {
			isa = PBXGroup;
			children = (
				FA48B41324830F02008FC927 /* ViewController.swift */,
				FA48B4292483218C008FC927 /* InformationScreenViewController.swift */,
				FA48B42B24850C2B008FC927 /* HistoryOfMyLifeViewController.swift */,
			);
			path = ViewControllers;
			sourceTree = "<group>";
		};
		FA48B42424830F8F008FC927 /* Storyboards */ = {
			isa = PBXGroup;
			children = (
				FA48B41524830F02008FC927 /* Main.storyboard */,
				FA48B41A24830F08008FC927 /* LaunchScreen.storyboard */,
			);
			path = Storyboards;
			sourceTree = "<group>";
		};
		FA48B42524830FBC008FC927 /* SupportingFiles */ = {
			isa = PBXGroup;
			children = (
				FA48B41124830F02008FC927 /* SceneDelegate.swift */,
				FA48B40F24830F02008FC927 /* AppDelegate.swift */,
				FA48B41824830F08008FC927 /* Assets.xcassets */,
				FA48B41D24830F08008FC927 /* Info.plist */,
			);
			path = SupportingFiles;
			sourceTree = "<group>";
		};
		FA48B42624831031008FC927 /* Models */ = {
			isa = PBXGroup;
			children = (
				FA48B427248311B0008FC927 /* UserData.swift */,
			);
			path = Models;
			sourceTree = "<group>";
		};
/* End PBXGroup section */

/* Begin PBXNativeTarget section */
		FA48B40B24830F02008FC927 /* ResumeApplication */ = {
			isa = PBXNativeTarget;
			buildConfigurationList = FA48B42024830F08008FC927 /* Build configuration list for PBXNativeTarget "ResumeApplication" */;
			buildPhases = (
				FA48B40824830F02008FC927 /* Sources */,
				FA48B40924830F02008FC927 /* Frameworks */,
				FA48B40A24830F02008FC927 /* Resources */,
			);
			buildRules = (
			);
			dependencies = (
			);
			name = ResumeApplication;
			productName = ResumeApplication;
			productReference = FA48B40C24830F02008FC927 /* ResumeApplication.app */;
			productType = "com.apple.product-type.application";
		};
/* End PBXNativeTarget section */

/* Begin PBXProject section */
		FA48B40424830F02008FC927 /* Project object */ = {
			isa = PBXProject;
			attributes = {
				LastSwiftUpdateCheck = 1140;
				LastUpgradeCheck = 1140;
				ORGANIZATIONNAME = "Igor Simonov";
				TargetAttributes = {
					FA48B40B24830F02008FC927 = {
						CreatedOnToolsVersion = 11.4;
					};
				};
			};
			buildConfigurationList = FA48B40724830F02008FC927 /* Build configuration list for PBXProject "ResumeApplication" */;
			compatibilityVersion = "Xcode 9.3";
			developmentRegion = en;
			hasScannedForEncodings = 0;
			knownRegions = (
				en,
				Base,
			);
			mainGroup = FA48B40324830F02008FC927;
			productRefGroup = FA48B40D24830F02008FC927 /* Products */;
			projectDirPath = "";
			projectRoot = "";
			targets = (
				FA48B40B24830F02008FC927 /* ResumeApplication */,
			);
		};
/* End PBXProject section */

/* Begin PBXResourcesBuildPhase section */
		FA48B40A24830F02008FC927 /* Resources */ = {
			isa = PBXResourcesBuildPhase;
			buildActionMask = 2147483647;
			files = (
				FA48B41C24830F08008FC927 /* LaunchScreen.storyboard in Resources */,
				FA48B41924830F08008FC927 /* Assets.xcassets in Resources */,
				FA48B41724830F02008FC927 /* Main.storyboard in Resources */,
			);
			runOnlyForDeploymentPostprocessing = 0;
		};
/* End PBXResourcesBuildPhase section */

/* Begin PBXSourcesBuildPhase section */
		FA48B40824830F02008FC927 /* Sources */ = {
			isa = PBXSourcesBuildPhase;
			buildActionMask = 2147483647;
			files = (
				FA48B42C24850C2B008FC927 /* HistoryOfMyLifeViewController.swift in Sources */,
				FA48B41424830F02008FC927 /* ViewController.swift in Sources */,
				FA48B41024830F02008FC927 /* AppDelegate.swift in Sources */,
				FA48B42A2483218D008FC927 /* InformationScreenViewController.swift in Sources */,
				FA48B428248311B0008FC927 /* UserData.swift in Sources */,
				FA48B41224830F02008FC927 /* SceneDelegate.swift in Sources */,
			);
			runOnlyForDeploymentPostprocessing = 0;
		};
/* End PBXSourcesBuildPhase section */

/* Begin PBXVariantGroup section */
		FA48B41524830F02008FC927 /* Main.storyboard */ = {
			isa = PBXVariantGroup;
			children = (
				FA48B41624830F02008FC927 /* Base */,
			);
			name = Main.storyboard;
			sourceTree = "<group>";
		};
		FA48B41A24830F08008FC927 /* LaunchScreen.storyboard */ = {
			isa = PBXVariantGroup;
			children = (
				FA48B41B24830F08008FC927 /* Base */,
			);
			name = LaunchScreen.storyboard;
			sourceTree = "<group>";
		};
/* End PBXVariantGroup section */

/* Begin XCBuildConfiguration section */
		FA48B41E24830F08008FC927 /* Debug */ = {
			isa = XCBuildConfiguration;
			buildSettings = {
				ALWAYS_SEARCH_USER_PATHS = NO;
				CLANG_ANALYZER_NONNULL = YES;
				CLANG_ANALYZER_NUMBER_OBJECT_CONVERSION = YES_AGGRESSIVE;
				CLANG_CXX_LANGUAGE_STANDARD = "gnu++14";
				CLANG_CXX_LIBRARY = "libc++";
				CLANG_ENABLE_MODULES = YES;
				CLANG_ENABLE_OBJC_ARC = YES;
				CLANG_ENABLE_OBJC_WEAK = YES;
				CLANG_WARN_BLOCK_CAPTURE_AUTORELEASING = YES;
				CLANG_WARN_BOOL_CONVERSION = YES;
				CLANG_WARN_COMMA = YES;
				CLANG_WARN_CONSTANT_CONVERSION = YES;
				CLANG_WARN_DEPRECATED_OBJC_IMPLEMENTATIONS = YES;
				CLANG_WARN_DIRECT_OBJC_ISA_USAGE = YES_ERROR;
				CLANG_WARN_DOCUMENTATION_COMMENTS = YES;
				CLANG_WARN_EMPTY_BODY = YES;
				CLANG_WARN_ENUM_CONVERSION = YES;
				CLANG_WARN_INFINITE_RECURSION = YES;
				CLANG_WARN_INT_CONVERSION = YES;
				CLANG_WARN_NON_LITERAL_NULL_CONVERSION = YES;
				CLANG_WARN_OBJC_IMPLICIT_RETAIN_SELF = YES;
				CLANG_WARN_OBJC_LITERAL_CONVERSION = YES;
				CLANG_WARN_OBJC_ROOT_CLASS = YES_ERROR;
				CLANG_WARN_RANGE_LOOP_ANALYSIS = YES;
				CLANG_WARN_STRICT_PROTOTYPES = YES;
				CLANG_WARN_SUSPICIOUS_MOVE = YES;
				CLANG_WARN_UNGUARDED_AVAILABILITY = YES_AGGRESSIVE;
				CLANG_WARN_UNREACHABLE_CODE = YES;
				CLANG_WARN__DUPLICATE_METHOD_MATCH = YES;
				COPY_PHASE_STRIP = NO;
				DEBUG_INFORMATION_FORMAT = dwarf;
				ENABLE_STRICT_OBJC_MSGSEND = YES;
				ENABLE_TESTABILITY = YES;
				GCC_C_LANGUAGE_STANDARD = gnu11;
				GCC_DYNAMIC_NO_PIC = NO;
				GCC_NO_COMMON_BLOCKS = YES;
				GCC_OPTIMIZATION_LEVEL = 0;
				GCC_PREPROCESSOR_DEFINITIONS = (
					"DEBUG=1",
					"$(inherited)",
				);
				GCC_WARN_64_TO_32_BIT_CONVERSION = YES;
				GCC_WARN_ABOUT_RETURN_TYPE = YES_ERROR;
				GCC_WARN_UNDECLARED_SELECTOR = YES;
				GCC_WARN_UNINITIALIZED_AUTOS = YES_AGGRESSIVE;
				GCC_WARN_UNUSED_FUNCTION = YES;
				GCC_WARN_UNUSED_VARIABLE = YES;
				IPHONEOS_DEPLOYMENT_TARGET = 13.4;
				MTL_ENABLE_DEBUG_INFO = INCLUDE_SOURCE;
				MTL_FAST_MATH = YES;
				ONLY_ACTIVE_ARCH = YES;
				SDKROOT = iphoneos;
				SWIFT_ACTIVE_COMPILATION_CONDITIONS = DEBUG;
				SWIFT_OPTIMIZATION_LEVEL = "-Onone";
			};
			name = Debug;
		};
		FA48B41F24830F08008FC927 /* Release */ = {
			isa = XCBuildConfiguration;
			buildSettings = {
				ALWAYS_SEARCH_USER_PATHS = NO;
				CLANG_ANALYZER_NONNULL = YES;
				CLANG_ANALYZER_NUMBER_OBJECT_CONVERSION = YES_AGGRESSIVE;
				CLANG_CXX_LANGUAGE_STANDARD = "gnu++14";
				CLANG_CXX_LIBRARY = "libc++";
				CLANG_ENABLE_MODULES = YES;
				CLANG_ENABLE_OBJC_ARC = YES;
				CLANG_ENABLE_OBJC_WEAK = YES;
				CLANG_WARN_BLOCK_CAPTURE_AUTORELEASING = YES;
				CLANG_WARN_BOOL_CONVERSION = YES;
				CLANG_WARN_COMMA = YES;
				CLANG_WARN_CONSTANT_CONVERSION = YES;
				CLANG_WARN_DEPRECATED_OBJC_IMPLEMENTATIONS = YES;
				CLANG_WARN_DIRECT_OBJC_ISA_USAGE = YES_ERROR;
				CLANG_WARN_DOCUMENTATION_COMMENTS = YES;
				CLANG_WARN_EMPTY_BODY = YES;
				CLANG_WARN_ENUM_CONVERSION = YES;
				CLANG_WARN_INFINITE_RECURSION = YES;
				CLANG_WARN_INT_CONVERSION = YES;
				CLANG_WARN_NON_LITERAL_NULL_CONVERSION = YES;
				CLANG_WARN_OBJC_IMPLICIT_RETAIN_SELF = YES;
				CLANG_WARN_OBJC_LITERAL_CONVERSION = YES;
				CLANG_WARN_OBJC_ROOT_CLASS = YES_ERROR;
				CLANG_WARN_RANGE_LOOP_ANALYSIS = YES;
				CLANG_WARN_STRICT_PROTOTYPES = YES;
				CLANG_WARN_SUSPICIOUS_MOVE = YES;
				CLANG_WARN_UNGUARDED_AVAILABILITY = YES_AGGRESSIVE;
				CLANG_WARN_UNREACHABLE_CODE = YES;
				CLANG_WARN__DUPLICATE_METHOD_MATCH = YES;
				COPY_PHASE_STRIP = NO;
				DEBUG_INFORMATION_FORMAT = "dwarf-with-dsym";
				ENABLE_NS_ASSERTIONS = NO;
				ENABLE_STRICT_OBJC_MSGSEND = YES;
				GCC_C_LANGUAGE_STANDARD = gnu11;
				GCC_NO_COMMON_BLOCKS = YES;
				GCC_WARN_64_TO_32_BIT_CONVERSION = YES;
				GCC_WARN_ABOUT_RETURN_TYPE = YES_ERROR;
				GCC_WARN_UNDECLARED_SELECTOR = YES;
				GCC_WARN_UNINITIALIZED_AUTOS = YES_AGGRESSIVE;
				GCC_WARN_UNUSED_FUNCTION = YES;
				GCC_WARN_UNUSED_VARIABLE = YES;
				IPHONEOS_DEPLOYMENT_TARGET = 13.4;
				MTL_ENABLE_DEBUG_INFO = NO;
				MTL_FAST_MATH = YES;
				SDKROOT = iphoneos;
				SWIFT_COMPILATION_MODE = wholemodule;
				SWIFT_OPTIMIZATION_LEVEL = "-O";
				VALIDATE_PRODUCT = YES;
			};
			name = Release;
		};
		FA48B42124830F08008FC927 /* Debug */ = {
			isa = XCBuildConfiguration;
			buildSettings = {
				ASSETCATALOG_COMPILER_APPICON_NAME = AppIcon;
				CODE_SIGN_STYLE = Automatic;
				INFOPLIST_FILE = ResumeApplication/SupportingFiles/Info.plist;
				LD_RUNPATH_SEARCH_PATHS = (
					"$(inherited)",
					"@executable_path/Frameworks",
				);
				PRODUCT_BUNDLE_IDENTIFIER = macbook.ResumeApplication;
				PRODUCT_NAME = "$(TARGET_NAME)";
				SWIFT_VERSION = 5.0;
				TARGETED_DEVICE_FAMILY = "1,2";
			};
			name = Debug;
		};
		FA48B42224830F08008FC927 /* Release */ = {
			isa = XCBuildConfiguration;
			buildSettings = {
				ASSETCATALOG_COMPILER_APPICON_NAME = AppIcon;
				CODE_SIGN_STYLE = Automatic;
				INFOPLIST_FILE = ResumeApplication/SupportingFiles/Info.plist;
				LD_RUNPATH_SEARCH_PATHS = (
					"$(inherited)",
					"@executable_path/Frameworks",
				);
				PRODUCT_BUNDLE_IDENTIFIER = macbook.ResumeApplication;
				PRODUCT_NAME = "$(TARGET_NAME)";
				SWIFT_VERSION = 5.0;
				TARGETED_DEVICE_FAMILY = "1,2";
			};
			name = Release;
		};
/* End XCBuildConfiguration section */

/* Begin XCConfigurationList section */
		FA48B40724830F02008FC927 /* Build configuration list for PBXProject "ResumeApplication" */ = {
			isa = XCConfigurationList;
			buildConfigurations = (
				FA48B41E24830F08008FC927 /* Debug */,
				FA48B41F24830F08008FC927 /* Release */,
			);
			defaultConfigurationIsVisible = 0;
			defaultConfigurationName = Release;
		};
		FA48B42024830F08008FC927 /* Build configuration list for PBXNativeTarget "ResumeApplication" */ = {
			isa = XCConfigurationList;
			buildConfigurations = (
				FA48B42124830F08008FC927 /* Debug */,
				FA48B42224830F08008FC927 /* Release */,
			);
			defaultConfigurationIsVisible = 0;
			defaultConfigurationName = Release;
		};
/* End XCConfigurationList section */
	};
	rootObject = FA48B40424830F02008FC927 /* Project object */;
}
